
Microsoft Visual Studio Solution File, Format Version 12.00
# Visual Studio Version 17
VisualStudioVersion = 17.4.33213.308
MinimumVisualStudioVersion = 10.0.40219.1
Project("{9A19103F-16F7-4668-BE54-9A1E7A4F7556}") = "HalfEdge.Tests", "HalfEdge.Tests\HalfEdge.Tests.csproj", "{D0A46581-88EB-440C-952C-0CE94ED5F4D1}"
EndProject
Project("{9A19103F-16F7-4668-BE54-9A1E7A4F7556}") = "HalfEdge", "HalfEdge\HalfEdge.csproj", "{FE78C259-B700-43B4-AA47-25FE704A1AE3}"
EndProject
Project("{9A19103F-16F7-4668-BE54-9A1E7A4F7556}") = "Validation", "Validation\Validation.csproj", "{F720A148-5C33-4993-B806-3142D3248B4D}"
EndProject
Project("{9A19103F-16F7-4668-BE54-9A1E7A4F7556}") = "Validation.Tests", "Validation.Tests\Validation.Tests.csproj", "{7D3DD40C-1042-40FC-B333-BE7337333181}"
EndProject
Project("{9A19103F-16F7-4668-BE54-9A1E7A4F7556}") = "Triangulator", "Triangulator\Triangulator.csproj", "{1C351C18-8723-4F93-AC60-2C7B7D3F3ABB}"
EndProject
Project("{9A19103F-16F7-4668-BE54-9A1E7A4F7556}") = "Models", "Models\Models.csproj", "{6451C672-DD5A-4D65-9EAB-C9DF9C53EA2B}"
EndProject
Project("{9A19103F-16F7-4668-BE54-9A1E7A4F7556}") = "Models.Tests", "Models.Tests\Models.Tests.csproj", "{8E663B1D-A967-4A95-B74C-71BA04FCA411}"
EndProject
Project("{9A19103F-16F7-4668-BE54-9A1E7A4F7556}") = "Framework", "Framework\Framework.csproj", "{EFDD2115-CEC0-4CDA-8435-9C0A16B00EA3}"
EndProject
Project("{9A19103F-16F7-4668-BE54-9A1E7A4F7556}") = "Framework.Tests", "Framework.Tests\Framework.Tests.csproj", "{30BF30D6-3C90-41A1-BACE-A189569C737B}"
EndProject
Project("{FAE04EC0-301F-11D3-BF4B-00C04F79EFBC}") = "Triangulator.Tests", "Triangulator.Tests\Triangulator.Tests.csproj", "{FD81A3DC-975F-4B05-AD4D-B03881F9D8CA}"
EndProject
Global
	GlobalSection(SolutionConfigurationPlatforms) = preSolution
		Debug|Any CPU = Debug|Any CPU
		Release|Any CPU = Release|Any CPU
	EndGlobalSection
	GlobalSection(ProjectConfigurationPlatforms) = postSolution
		{D0A46581-88EB-440C-952C-0CE94ED5F4D1}.Debug|Any CPU.ActiveCfg = Debug|Any CPU
		{D0A46581-88EB-440C-952C-0CE94ED5F4D1}.Debug|Any CPU.Build.0 = Debug|Any CPU
		{D0A46581-88EB-440C-952C-0CE94ED5F4D1}.Release|Any CPU.ActiveCfg = Release|Any CPU
		{D0A46581-88EB-440C-952C-0CE94ED5F4D1}.Release|Any CPU.Build.0 = Release|Any CPU
		{FE78C259-B700-43B4-AA47-25FE704A1AE3}.Debug|Any CPU.ActiveCfg = Debug|Any CPU
		{FE78C259-B700-43B4-AA47-25FE704A1AE3}.Debug|Any CPU.Build.0 = Debug|Any CPU
		{FE78C259-B700-43B4-AA47-25FE704A1AE3}.Release|Any CPU.ActiveCfg = Release|Any CPU
		{FE78C259-B700-43B4-AA47-25FE704A1AE3}.Release|Any CPU.Build.0 = Release|Any CPU
		{F720A148-5C33-4993-B806-3142D3248B4D}.Debug|Any CPU.ActiveCfg = Debug|Any CPU
		{F720A148-5C33-4993-B806-3142D3248B4D}.Debug|Any CPU.Build.0 = Debug|Any CPU
		{F720A148-5C33-4993-B806-3142D3248B4D}.Release|Any CPU.ActiveCfg = Release|Any CPU
		{F720A148-5C33-4993-B806-3142D3248B4D}.Release|Any CPU.Build.0 = Release|Any CPU
		{7D3DD40C-1042-40FC-B333-BE7337333181}.Debug|Any CPU.ActiveCfg = Debug|Any CPU
		{7D3DD40C-1042-40FC-B333-BE7337333181}.Debug|Any CPU.Build.0 = Debug|Any CPU
		{7D3DD40C-1042-40FC-B333-BE7337333181}.Release|Any CPU.ActiveCfg = Release|Any CPU
		{7D3DD40C-1042-40FC-B333-BE7337333181}.Release|Any CPU.Build.0 = Release|Any CPU
		{1C351C18-8723-4F93-AC60-2C7B7D3F3ABB}.Debug|Any CPU.ActiveCfg = Debug|Any CPU
		{1C351C18-8723-4F93-AC60-2C7B7D3F3ABB}.Debug|Any CPU.Build.0 = Debug|Any CPU
		{1C351C18-8723-4F93-AC60-2C7B7D3F3ABB}.Release|Any CPU.ActiveCfg = Release|Any CPU
		{1C351C18-8723-4F93-AC60-2C7B7D3F3ABB}.Release|Any CPU.Build.0 = Release|Any CPU
		{6451C672-DD5A-4D65-9EAB-C9DF9C53EA2B}.Debug|Any CPU.ActiveCfg = Debug|Any CPU
		{6451C672-DD5A-4D65-9EAB-C9DF9C53EA2B}.Debug|Any CPU.Build.0 = Debug|Any CPU
		{6451C672-DD5A-4D65-9EAB-C9DF9C53EA2B}.Release|Any CPU.ActiveCfg = Release|Any CPU
		{6451C672-DD5A-4D65-9EAB-C9DF9C53EA2B}.Release|Any CPU.Build.0 = Release|Any CPU
		{8E663B1D-A967-4A95-B74C-71BA04FCA411}.Debug|Any CPU.ActiveCfg = Debug|Any CPU
		{8E663B1D-A967-4A95-B74C-71BA04FCA411}.Debug|Any CPU.Build.0 = Debug|Any CPU
		{8E663B1D-A967-4A95-B74C-71BA04FCA411}.Release|Any CPU.ActiveCfg = Release|Any CPU
		{8E663B1D-A967-4A95-B74C-71BA04FCA411}.Release|Any CPU.Build.0 = Release|Any CPU
		{EFDD2115-CEC0-4CDA-8435-9C0A16B00EA3}.Debug|Any CPU.ActiveCfg = Debug|Any CPU
		{EFDD2115-CEC0-4CDA-8435-9C0A16B00EA3}.Debug|Any CPU.Build.0 = Debug|Any CPU
		{EFDD2115-CEC0-4CDA-8435-9C0A16B00EA3}.Release|Any CPU.ActiveCfg = Release|Any CPU
		{EFDD2115-CEC0-4CDA-8435-9C0A16B00EA3}.Release|Any CPU.Build.0 = Release|Any CPU
		{30BF30D6-3C90-41A1-BACE-A189569C737B}.Debug|Any CPU.ActiveCfg = Debug|Any CPU
		{30BF30D6-3C90-41A1-BACE-A189569C737B}.Debug|Any CPU.Build.0 = Debug|Any CPU
		{30BF30D6-3C90-41A1-BACE-A189569C737B}.Release|Any CPU.ActiveCfg = Release|Any CPU
		{30BF30D6-3C90-41A1-BACE-A189569C737B}.Release|Any CPU.Build.0 = Release|Any CPU
		{FD81A3DC-975F-4B05-AD4D-B03881F9D8CA}.Debug|Any CPU.ActiveCfg = Debug|Any CPU
		{FD81A3DC-975F-4B05-AD4D-B03881F9D8CA}.Debug|Any CPU.Build.0 = Debug|Any CPU
		{FD81A3DC-975F-4B05-AD4D-B03881F9D8CA}.Release|Any CPU.ActiveCfg = Release|Any CPU
		{FD81A3DC-975F-4B05-AD4D-B03881F9D8CA}.Release|Any CPU.Build.0 = Release|Any CPU
	EndGlobalSection
	GlobalSection(SolutionProperties) = preSolution
		HideSolutionNode = FALSE
	EndGlobalSection
	GlobalSection(ExtensibilityGlobals) = postSolution
		SolutionGuid = {3D5E772C-17A9-4779-92EB-C32C941A6165}
	EndGlobalSection
EndGlobal
